
Microsoft Visual Studio Solution File, Format Version 12.00
# Visual Studio Version 16
VisualStudioVersion = 16.0.30413.136
MinimumVisualStudioVersion = 10.0.40219.1
Project("{9A19103F-16F7-4668-BE54-9A1E7A4F7556}") = "IntroToWPF", "IntroToWPF\IntroToWPF.csproj", "{DDA3ABB2-B810-44A7-8433-8EF9F82307BF}"
EndProject
Project("{FAE04EC0-301F-11D3-BF4B-00C04F79EFBC}") = "CSV_Example", "CSV_Example\CSV_Example.csproj", "{6F1255B8-F9C6-4DB1-8AF7-5260CA8E6076}"
EndProject
Project("{FAE04EC0-301F-11D3-BF4B-00C04F79EFBC}") = "JSON_RickAndMorty", "JSON_RickAndMorty\JSON_RickAndMorty.csproj", "{AD3C7111-5029-43B9-9D19-8BC63C95ECAE}"
EndProject
Project("{FAE04EC0-301F-11D3-BF4B-00C04F79EFBC}") = "JSON_GOT", "JSON_GOT\JSON_GOT.csproj", "{F1B8BA6D-B540-444A-9EDC-D6E9EE3C7E1B}"
EndProject
Project("{FAE04EC0-301F-11D3-BF4B-00C04F79EFBC}") = "Empty_Project", "Empty_Project\Empty_Project.csproj", "{C9EA2A00-2899-4CCF-A4A2-024DB6F3826E}"
EndProject
Project("{FAE04EC0-301F-11D3-BF4B-00C04F79EFBC}") = "MVC_Example", "MVC_Example\MVC_Example.csproj", "{6BB35FE9-DCA8-434B-80E6-12F0597C7F95}"
EndProject
Project("{FAE04EC0-301F-11D3-BF4B-00C04F79EFBC}") = "EntityFramework_Example", "EntityFramework_Example\EntityFramework_Example.csproj", "{EBBB000D-85E1-4D2E-A4C3-F4034DDA25FA}"
EndProject
Global
	GlobalSection(SolutionConfigurationPlatforms) = preSolution
		Debug|Any CPU = Debug|Any CPU
		Release|Any CPU = Release|Any CPU
	EndGlobalSection
	GlobalSection(ProjectConfigurationPlatforms) = postSolution
		{DDA3ABB2-B810-44A7-8433-8EF9F82307BF}.Debug|Any CPU.ActiveCfg = Debug|Any CPU
		{DDA3ABB2-B810-44A7-8433-8EF9F82307BF}.Debug|Any CPU.Build.0 = Debug|Any CPU
		{DDA3ABB2-B810-44A7-8433-8EF9F82307BF}.Release|Any CPU.ActiveCfg = Release|Any CPU
		{DDA3ABB2-B810-44A7-8433-8EF9F82307BF}.Release|Any CPU.Build.0 = Release|Any CPU
		{6F1255B8-F9C6-4DB1-8AF7-5260CA8E6076}.Debug|Any CPU.ActiveCfg = Debug|Any CPU
		{6F1255B8-F9C6-4DB1-8AF7-5260CA8E6076}.Debug|Any CPU.Build.0 = Debug|Any CPU
		{6F1255B8-F9C6-4DB1-8AF7-5260CA8E6076}.Release|Any CPU.ActiveCfg = Release|Any CPU
		{6F1255B8-F9C6-4DB1-8AF7-5260CA8E6076}.Release|Any CPU.Build.0 = Release|Any CPU
		{AD3C7111-5029-43B9-9D19-8BC63C95ECAE}.Debug|Any CPU.ActiveCfg = Debug|Any CPU
		{AD3C7111-5029-43B9-9D19-8BC63C95ECAE}.Debug|Any CPU.Build.0 = Debug|Any CPU
		{AD3C7111-5029-43B9-9D19-8BC63C95ECAE}.Release|Any CPU.ActiveCfg = Release|Any CPU
		{AD3C7111-5029-43B9-9D19-8BC63C95ECAE}.Release|Any CPU.Build.0 = Release|Any CPU
		{F1B8BA6D-B540-444A-9EDC-D6E9EE3C7E1B}.Debug|Any CPU.ActiveCfg = Debug|Any CPU
		{F1B8BA6D-B540-444A-9EDC-D6E9EE3C7E1B}.Debug|Any CPU.Build.0 = Debug|Any CPU
		{F1B8BA6D-B540-444A-9EDC-D6E9EE3C7E1B}.Release|Any CPU.ActiveCfg = Release|Any CPU
		{F1B8BA6D-B540-444A-9EDC-D6E9EE3C7E1B}.Release|Any CPU.Build.0 = Release|Any CPU
		{C9EA2A00-2899-4CCF-A4A2-024DB6F3826E}.Debug|Any CPU.ActiveCfg = Debug|Any CPU
		{C9EA2A00-2899-4CCF-A4A2-024DB6F3826E}.Debug|Any CPU.Build.0 = Debug|Any CPU
		{C9EA2A00-2899-4CCF-A4A2-024DB6F3826E}.Release|Any CPU.ActiveCfg = Release|Any CPU
		{C9EA2A00-2899-4CCF-A4A2-024DB6F3826E}.Release|Any CPU.Build.0 = Release|Any CPU
		{6BB35FE9-DCA8-434B-80E6-12F0597C7F95}.Debug|Any CPU.ActiveCfg = Debug|Any CPU
		{6BB35FE9-DCA8-434B-80E6-12F0597C7F95}.Debug|Any CPU.Build.0 = Debug|Any CPU
		{6BB35FE9-DCA8-434B-80E6-12F0597C7F95}.Release|Any CPU.ActiveCfg = Release|Any CPU
		{6BB35FE9-DCA8-434B-80E6-12F0597C7F95}.Release|Any CPU.Build.0 = Release|Any CPU
		{EBBB000D-85E1-4D2E-A4C3-F4034DDA25FA}.Debug|Any CPU.ActiveCfg = Debug|Any CPU
		{EBBB000D-85E1-4D2E-A4C3-F4034DDA25FA}.Debug|Any CPU.Build.0 = Debug|Any CPU
		{EBBB000D-85E1-4D2E-A4C3-F4034DDA25FA}.Release|Any CPU.ActiveCfg = Release|Any CPU
		{EBBB000D-85E1-4D2E-A4C3-F4034DDA25FA}.Release|Any CPU.Build.0 = Release|Any CPU
	EndGlobalSection
	GlobalSection(SolutionProperties) = preSolution
		HideSolutionNode = FALSE
	EndGlobalSection
	GlobalSection(ExtensibilityGlobals) = postSolution
		SolutionGuid = {BB4F0A16-7731-4E92-8BB6-E8C63E044774}
	EndGlobalSection
EndGlobal
