
Microsoft Visual Studio Solution File, Format Version 12.00
# Visual Studio Version 16
VisualStudioVersion = 16.0.30413.136
MinimumVisualStudioVersion = 10.0.40219.1
Project("{9A19103F-16F7-4668-BE54-9A1E7A4F7556}") = "IntroToWPF", "IntroToWPF\IntroToWPF.csproj", "{DDA3ABB2-B810-44A7-8433-8EF9F82307BF}"
EndProject
Project("{FAE04EC0-301F-11D3-BF4B-00C04F79EFBC}") = "CSV_Example", "CSV_Example\CSV_Example.csproj", "{6F1255B8-F9C6-4DB1-8AF7-5260CA8E6076}"
EndProject
Project("{FAE04EC0-301F-11D3-BF4B-00C04F79EFBC}") = "JSON_RickAndMorty", "JSON_RickAndMorty\JSON_RickAndMorty.csproj", "{AD3C7111-5029-43B9-9D19-8BC63C95ECAE}"
EndProject
Global
	GlobalSection(SolutionConfigurationPlatforms) = preSolution
		Debug|Any CPU = Debug|Any CPU
		Release|Any CPU = Release|Any CPU
	EndGlobalSection
	GlobalSection(ProjectConfigurationPlatforms) = postSolution
		{DDA3ABB2-B810-44A7-8433-8EF9F82307BF}.Debug|Any CPU.ActiveCfg = Debug|Any CPU
		{DDA3ABB2-B810-44A7-8433-8EF9F82307BF}.Debug|Any CPU.Build.0 = Debug|Any CPU
		{DDA3ABB2-B810-44A7-8433-8EF9F82307BF}.Release|Any CPU.ActiveCfg = Release|Any CPU
		{DDA3ABB2-B810-44A7-8433-8EF9F82307BF}.Release|Any CPU.Build.0 = Release|Any CPU
		{6F1255B8-F9C6-4DB1-8AF7-5260CA8E6076}.Debug|Any CPU.ActiveCfg = Debug|Any CPU
		{6F1255B8-F9C6-4DB1-8AF7-5260CA8E6076}.Debug|Any CPU.Build.0 = Debug|Any CPU
		{6F1255B8-F9C6-4DB1-8AF7-5260CA8E6076}.Release|Any CPU.ActiveCfg = Release|Any CPU
		{6F1255B8-F9C6-4DB1-8AF7-5260CA8E6076}.Release|Any CPU.Build.0 = Release|Any CPU
		{AD3C7111-5029-43B9-9D19-8BC63C95ECAE}.Debug|Any CPU.ActiveCfg = Debug|Any CPU
		{AD3C7111-5029-43B9-9D19-8BC63C95ECAE}.Debug|Any CPU.Build.0 = Debug|Any CPU
		{AD3C7111-5029-43B9-9D19-8BC63C95ECAE}.Release|Any CPU.ActiveCfg = Release|Any CPU
		{AD3C7111-5029-43B9-9D19-8BC63C95ECAE}.Release|Any CPU.Build.0 = Release|Any CPU
	EndGlobalSection
	GlobalSection(SolutionProperties) = preSolution
		HideSolutionNode = FALSE
	EndGlobalSection
	GlobalSection(ExtensibilityGlobals) = postSolution
		SolutionGuid = {BB4F0A16-7731-4E92-8BB6-E8C63E044774}
	EndGlobalSection
EndGlobal
